PODS:
  - Dashboarder (1.0.0):
    - SnapKit (~> 3.2)
  - SnapKit (3.2.0)

DEPENDENCIES:
  - Dashboarder (from `../`)
  - SnapKit (= 3.2)

EXTERNAL SOURCES:
  Dashboarder:
    :path: ../

SPEC CHECKSUMS:
  Dashboarder: bfcaa0ee86bb96b10bb35bec57975bbe772b0b04
  SnapKit: 1ca44df72cfa543218d177cb8aab029d10d86ea7

PODFILE CHECKSUM: 438d1ea23b31e55efe27587674432ee611349908

COCOAPODS: 1.3.1
